
Microsoft Visual Studio Solution File, Format Version 12.00
# Visual Studio 15
VisualStudioVersion = 15.0.27130.2027
MinimumVisualStudioVersion = 10.0.40219.1
Project("{FAE04EC0-301F-11D3-BF4B-00C04F79EFBC}") = "ACM.BL", "ACM.BL\ACM.BL.csproj", "{2826ED45-A517-42B0-9873-37BADE3A7CC5}"
EndProject
Global
	GlobalSection(SolutionConfigurationPlatforms) = preSolution
		Debug|Any CPU = Debug|Any CPU
		Release|Any CPU = Release|Any CPU
	EndGlobalSection
	GlobalSection(ProjectConfigurationPlatforms) = postSolution
		{2826ED45-A517-42B0-9873-37BADE3A7CC5}.Debug|Any CPU.ActiveCfg = Debug|Any CPU
		{2826ED45-A517-42B0-9873-37BADE3A7CC5}.Debug|Any CPU.Build.0 = Debug|Any CPU
		{2826ED45-A517-42B0-9873-37BADE3A7CC5}.Release|Any CPU.ActiveCfg = Release|Any CPU
		{2826ED45-A517-42B0-9873-37BADE3A7CC5}.Release|Any CPU.Build.0 = Release|Any CPU
	EndGlobalSection
	GlobalSection(SolutionProperties) = preSolution
		HideSolutionNode = FALSE
	EndGlobalSection
	GlobalSection(ExtensibilityGlobals) = postSolution
		SolutionGuid = {D7151787-BD4C-46A4-8005-CF5AAF39FE00}
	EndGlobalSection
EndGlobal
